
Microsoft Visual Studio Solution File, Format Version 12.00
# Visual Studio Version 16
VisualStudioVersion = 16.0.28803.352
MinimumVisualStudioVersion = 10.0.40219.1
Project("{FAE04EC0-301F-11D3-BF4B-00C04F79EFBC}") = "MvcToDo", "MvcToDo\MvcToDo.csproj", "{821A1C98-338E-4557-A6F1-C3731A605D82}"
EndProject
Global
	GlobalSection(SolutionConfigurationPlatforms) = preSolution
		Debug|Any CPU = Debug|Any CPU
		Release|Any CPU = Release|Any CPU
	EndGlobalSection
	GlobalSection(ProjectConfigurationPlatforms) = postSolution
		{821A1C98-338E-4557-A6F1-C3731A605D82}.Debug|Any CPU.ActiveCfg = Debug|Any CPU
		{821A1C98-338E-4557-A6F1-C3731A605D82}.Debug|Any CPU.Build.0 = Debug|Any CPU
		{821A1C98-338E-4557-A6F1-C3731A605D82}.Release|Any CPU.ActiveCfg = Release|Any CPU
		{821A1C98-338E-4557-A6F1-C3731A605D82}.Release|Any CPU.Build.0 = Release|Any CPU
	EndGlobalSection
	GlobalSection(SolutionProperties) = preSolution
		HideSolutionNode = FALSE
	EndGlobalSection
	GlobalSection(ExtensibilityGlobals) = postSolution
		SolutionGuid = {65FBA69D-F0EA-48B3-8CC6-2D27FB21B705}
	EndGlobalSection
EndGlobal
